
Microsoft Visual Studio Solution File, Format Version 12.00
# Visual Studio Version 16
VisualStudioVersion = 16.0.31729.503
MinimumVisualStudioVersion = 10.0.40219.1
Project("{FAE04EC0-301F-11D3-BF4B-00C04F79EFBC}") = "Loteria_A", "Loteria_A\Loteria_A.csproj", "{7AC6E034-BC31-4A69-99E8-63F903F0280D}"
EndProject
Global
	GlobalSection(SolutionConfigurationPlatforms) = preSolution
		Debug|Any CPU = Debug|Any CPU
		Release|Any CPU = Release|Any CPU
	EndGlobalSection
	GlobalSection(ProjectConfigurationPlatforms) = postSolution
		{7AC6E034-BC31-4A69-99E8-63F903F0280D}.Debug|Any CPU.ActiveCfg = Debug|Any CPU
		{7AC6E034-BC31-4A69-99E8-63F903F0280D}.Debug|Any CPU.Build.0 = Debug|Any CPU
		{7AC6E034-BC31-4A69-99E8-63F903F0280D}.Release|Any CPU.ActiveCfg = Release|Any CPU
		{7AC6E034-BC31-4A69-99E8-63F903F0280D}.Release|Any CPU.Build.0 = Release|Any CPU
	EndGlobalSection
	GlobalSection(SolutionProperties) = preSolution
		HideSolutionNode = FALSE
	EndGlobalSection
	GlobalSection(ExtensibilityGlobals) = postSolution
		SolutionGuid = {43FC2ED2-2D11-47D0-96E5-EBD16434E0D5}
	EndGlobalSection
EndGlobal
